
Microsoft Visual Studio Solution File, Format Version 12.00
# Visual Studio 15
Project("{FAE04EC0-301F-11D3-BF4B-00C04F79EFBC}") = "UnityEngine.UI", "UnityEngine.UI.csproj", "{82CA5000-E176-340B-7516-A37B05962AF0}"
EndProject
Project("{FAE04EC0-301F-11D3-BF4B-00C04F79EFBC}") = "Assembly-CSharp", "Assembly-CSharp.csproj", "{D2E81A8B-A6EC-FD1A-6183-FABB1B589F10}"
EndProject
Project("{FAE04EC0-301F-11D3-BF4B-00C04F79EFBC}") = "UnityEditor.UI", "UnityEditor.UI.csproj", "{AA96A59C-4A94-B35F-9E72-5E7805AFA4E9}"
EndProject
Global
	GlobalSection(SolutionConfigurationPlatforms) = preSolution
		Debug|Any CPU = Debug|Any CPU
		Release|Any CPU = Release|Any CPU
	EndGlobalSection
	GlobalSection(ProjectConfigurationPlatforms) = postSolution
		{82CA5000-E176-340B-7516-A37B05962AF0}.Debug|Any CPU.ActiveCfg = Debug|Any CPU
		{82CA5000-E176-340B-7516-A37B05962AF0}.Debug|Any CPU.Build.0 = Debug|Any CPU
		{82CA5000-E176-340B-7516-A37B05962AF0}.Release|Any CPU.ActiveCfg = Release|Any CPU
		{82CA5000-E176-340B-7516-A37B05962AF0}.Release|Any CPU.Build.0 = Release|Any CPU
		{D2E81A8B-A6EC-FD1A-6183-FABB1B589F10}.Debug|Any CPU.ActiveCfg = Debug|Any CPU
		{D2E81A8B-A6EC-FD1A-6183-FABB1B589F10}.Debug|Any CPU.Build.0 = Debug|Any CPU
		{D2E81A8B-A6EC-FD1A-6183-FABB1B589F10}.Release|Any CPU.ActiveCfg = Release|Any CPU
		{D2E81A8B-A6EC-FD1A-6183-FABB1B589F10}.Release|Any CPU.Build.0 = Release|Any CPU
		{AA96A59C-4A94-B35F-9E72-5E7805AFA4E9}.Debug|Any CPU.ActiveCfg = Debug|Any CPU
		{AA96A59C-4A94-B35F-9E72-5E7805AFA4E9}.Debug|Any CPU.Build.0 = Debug|Any CPU
		{AA96A59C-4A94-B35F-9E72-5E7805AFA4E9}.Release|Any CPU.ActiveCfg = Release|Any CPU
		{AA96A59C-4A94-B35F-9E72-5E7805AFA4E9}.Release|Any CPU.Build.0 = Release|Any CPU
	EndGlobalSection
	GlobalSection(SolutionProperties) = preSolution
		HideSolutionNode = FALSE
	EndGlobalSection
EndGlobal
